
Microsoft Visual Studio Solution File, Format Version 12.00
# Visual Studio 14
VisualStudioVersion = 14.0.25420.1
MinimumVisualStudioVersion = 10.0.40219.1
Project("{FAE04EC0-301F-11D3-BF4B-00C04F79EFBC}") = "Class Library", "Class Library\Class Library.csproj", "{EE953C9D-7108-41AF-A1CC-3BAD421B500A}"
EndProject
Project("{F088123C-0E9E-452A-89E6-6BA2F21D5CAC}") = "ModelingProject1", "ModelingProject1\ModelingProject1.modelproj", "{F021F2C1-8827-4251-8CEB-7524B497B4C9}"
EndProject
Global
	GlobalSection(SolutionConfigurationPlatforms) = preSolution
		Debug|Any CPU = Debug|Any CPU
		Release|Any CPU = Release|Any CPU
	EndGlobalSection
	GlobalSection(ProjectConfigurationPlatforms) = postSolution
		{EE953C9D-7108-41AF-A1CC-3BAD421B500A}.Debug|Any CPU.ActiveCfg = Debug|Any CPU
		{EE953C9D-7108-41AF-A1CC-3BAD421B500A}.Debug|Any CPU.Build.0 = Debug|Any CPU
		{EE953C9D-7108-41AF-A1CC-3BAD421B500A}.Release|Any CPU.ActiveCfg = Release|Any CPU
		{EE953C9D-7108-41AF-A1CC-3BAD421B500A}.Release|Any CPU.Build.0 = Release|Any CPU
		{F021F2C1-8827-4251-8CEB-7524B497B4C9}.Debug|Any CPU.ActiveCfg = Debug|Any CPU
		{F021F2C1-8827-4251-8CEB-7524B497B4C9}.Debug|Any CPU.Build.0 = Debug|Any CPU
		{F021F2C1-8827-4251-8CEB-7524B497B4C9}.Release|Any CPU.ActiveCfg = Release|Any CPU
		{F021F2C1-8827-4251-8CEB-7524B497B4C9}.Release|Any CPU.Build.0 = Release|Any CPU
	EndGlobalSection
	GlobalSection(SolutionProperties) = preSolution
		HideSolutionNode = FALSE
	EndGlobalSection
EndGlobal
